// !$*UTF8*$!
{
	archiveVersion = 1;
	classes = {
	};
	objectVersion = 50;
	objects = {

/* Begin PBXBuildFile section */
		81831C662686329B0014D444 /* MobileNet.mlmodel in Sources */ = {isa = PBXBuildFile; fileRef = 81831C652686329B0014D444 /* MobileNet.mlmodel */; };
		81831C6A268632E60014D444 /* CGImagePropertyOrientation+UIImageOrientation.swift in Sources */ = {isa = PBXBuildFile; fileRef = 81831C69268632E60014D444 /* CGImagePropertyOrientation+UIImageOrientation.swift */; };
		81831C9A26863C0E0014D444 /* PilImageClassifier.mlmodel in Sources */ = {isa = PBXBuildFile; fileRef = 81831C9126863BCE0014D444 /* PilImageClassifier.mlmodel */; };
		819BE4312684EEFC004D5B78 /* AppDelegate.swift in Sources */ = {isa = PBXBuildFile; fileRef = 819BE4302684EEFC004D5B78 /* AppDelegate.swift */; };
		819BE4332684EEFC004D5B78 /* SceneDelegate.swift in Sources */ = {isa = PBXBuildFile; fileRef = 819BE4322684EEFC004D5B78 /* SceneDelegate.swift */; };
		819BE4352684EEFC004D5B78 /* ViewController.swift in Sources */ = {isa = PBXBuildFile; fileRef = 819BE4342684EEFC004D5B78 /* ViewController.swift */; };
		819BE4382684EEFC004D5B78 /* Main.storyboard in Resources */ = {isa = PBXBuildFile; fileRef = 819BE4362684EEFC004D5B78 /* Main.storyboard */; };
		819BE43A2684EEFF004D5B78 /* Assets.xcassets in Resources */ = {isa = PBXBuildFile; fileRef = 819BE4392684EEFF004D5B78 /* Assets.xcassets */; };
		819BE43D2684EEFF004D5B78 /* LaunchScreen.storyboard in Resources */ = {isa = PBXBuildFile; fileRef = 819BE43B2684EEFF004D5B78 /* LaunchScreen.storyboard */; };
/* End PBXBuildFile section */

/* Begin PBXFileReference section */
		81831C652686329B0014D444 /* MobileNet.mlmodel */ = {isa = PBXFileReference; lastKnownFileType = file.mlmodel; path = MobileNet.mlmodel; sourceTree = "<group>"; };
		81831C69268632E60014D444 /* CGImagePropertyOrientation+UIImageOrientation.swift */ = {isa = PBXFileReference; lastKnownFileType = sourcecode.swift; path = "CGImagePropertyOrientation+UIImageOrientation.swift"; sourceTree = "<group>"; };
		81831C9126863BCE0014D444 /* PilImageClassifier.mlmodel */ = {isa = PBXFileReference; lastKnownFileType = file.mlmodel; path = PilImageClassifier.mlmodel; sourceTree = "<group>"; };
		819BE42D2684EEFC004D5B78 /* ImageClassifier.app */ = {isa = PBXFileReference; explicitFileType = wrapper.application; includeInIndex = 0; path = ImageClassifier.app; sourceTree = BUILT_PRODUCTS_DIR; };
		819BE4302684EEFC004D5B78 /* AppDelegate.swift */ = {isa = PBXFileReference; lastKnownFileType = sourcecode.swift; path = AppDelegate.swift; sourceTree = "<group>"; };
		819BE4322684EEFC004D5B78 /* SceneDelegate.swift */ = {isa = PBXFileReference; lastKnownFileType = sourcecode.swift; path = SceneDelegate.swift; sourceTree = "<group>"; };
		819BE4342684EEFC004D5B78 /* ViewController.swift */ = {isa = PBXFileReference; lastKnownFileType = sourcecode.swift; path = ViewController.swift; sourceTree = "<group>"; };
		819BE4372684EEFC004D5B78 /* Base */ = {isa = PBXFileReference; lastKnownFileType = file.storyboard; name = Base; path = Base.lproj/Main.storyboard; sourceTree = "<group>"; };
		819BE4392684EEFF004D5B78 /* Assets.xcassets */ = {isa = PBXFileReference; lastKnownFileType = folder.assetcatalog; path = Assets.xcassets; sourceTree = "<group>"; };
		819BE43C2684EEFF004D5B78 /* Base */ = {isa = PBXFileReference; lastKnownFileType = file.storyboard; name = Base; path = Base.lproj/LaunchScreen.storyboard; sourceTree = "<group>"; };
		819BE43E2684EEFF004D5B78 /* Info.plist */ = {isa = PBXFileReference; lastKnownFileType = text.plist.xml; path = Info.plist; sourceTree = "<group>"; };
/* End PBXFileReference section */

/* Begin PBXFrameworksBuildPhase section */
		819BE42A2684EEFC004D5B78 /* Frameworks */ = {
			isa = PBXFrameworksBuildPhase;
			buildActionMask = 2147483647;
			files = (
			);
			runOnlyForDeploymentPostprocessing = 0;
		};
/* End PBXFrameworksBuildPhase section */

/* Begin PBXGroup section */
		81831C642686328C0014D444 /* Model */ = {
			isa = PBXGroup;
			children = (
				81831C652686329B0014D444 /* MobileNet.mlmodel */,
				81831C9126863BCE0014D444 /* PilImageClassifier.mlmodel */,
			);
			path = Model;
			sourceTree = "<group>";
		};
		819BE4242684EEFC004D5B78 = {
			isa = PBXGroup;
			children = (
				819BE42F2684EEFC004D5B78 /* ImageClassifier */,
				819BE42E2684EEFC004D5B78 /* Products */,
			);
			sourceTree = "<group>";
		};
		819BE42E2684EEFC004D5B78 /* Products */ = {
			isa = PBXGroup;
			children = (
				819BE42D2684EEFC004D5B78 /* ImageClassifier.app */,
			);
			name = Products;
			sourceTree = "<group>";
		};
		819BE42F2684EEFC004D5B78 /* ImageClassifier */ = {
			isa = PBXGroup;
			children = (
				81831C642686328C0014D444 /* Model */,
				819BE4302684EEFC004D5B78 /* AppDelegate.swift */,
				819BE4322684EEFC004D5B78 /* SceneDelegate.swift */,
				819BE4342684EEFC004D5B78 /* ViewController.swift */,
				81831C69268632E60014D444 /* CGImagePropertyOrientation+UIImageOrientation.swift */,
				819BE4362684EEFC004D5B78 /* Main.storyboard */,
				819BE4392684EEFF004D5B78 /* Assets.xcassets */,
				819BE43B2684EEFF004D5B78 /* LaunchScreen.storyboard */,
				819BE43E2684EEFF004D5B78 /* Info.plist */,
			);
			path = ImageClassifier;
			sourceTree = "<group>";
		};
/* End PBXGroup section */

/* Begin PBXNativeTarget section */
		819BE42C2684EEFC004D5B78 /* ImageClassifier */ = {
			isa = PBXNativeTarget;
			buildConfigurationList = 819BE4412684EEFF004D5B78 /* Build configuration list for PBXNativeTarget "ImageClassifier" */;
			buildPhases = (
				819BE4292684EEFC004D5B78 /* Sources */,
				819BE42A2684EEFC004D5B78 /* Frameworks */,
				819BE42B2684EEFC004D5B78 /* Resources */,
			);
			buildRules = (
			);
			dependencies = (
			);
			name = ImageClassifier;
			productName = ImageClassifier;
			productReference = 819BE42D2684EEFC004D5B78 /* ImageClassifier.app */;
			productType = "com.apple.product-type.application";
		};
/* End PBXNativeTarget section */

/* Begin PBXProject section */
		819BE4252684EEFC004D5B78 /* Project object */ = {
			isa = PBXProject;
			attributes = {
				LastSwiftUpdateCheck = 1220;
				LastUpgradeCheck = 1220;
				TargetAttributes = {
					819BE42C2684EEFC004D5B78 = {
						CreatedOnToolsVersion = 12.2;
					};
				};
			};
			buildConfigurationList = 819BE4282684EEFC004D5B78 /* Build configuration list for PBXProject "ImageClassifier" */;
			compatibilityVersion = "Xcode 9.3";
			developmentRegion = en;
			hasScannedForEncodings = 0;
			knownRegions = (
				en,
				Base,
			);
			mainGroup = 819BE4242684EEFC004D5B78;
			productRefGroup = 819BE42E2684EEFC004D5B78 /* Products */;
			projectDirPath = "";
			projectRoot = "";
			targets = (
				819BE42C2684EEFC004D5B78 /* ImageClassifier */,
			);
		};
/* End PBXProject section */

/* Begin PBXResourcesBuildPhase section */
		819BE42B2684EEFC004D5B78 /* Resources */ = {
			isa = PBXResourcesBuildPhase;
			buildActionMask = 2147483647;
			files = (
				819BE43D2684EEFF004D5B78 /* LaunchScreen.storyboard in Resources */,
				819BE43A2684EEFF004D5B78 /* Assets.xcassets in Resources */,
				819BE4382684EEFC004D5B78 /* Main.storyboard in Resources */,
			);
			runOnlyForDeploymentPostprocessing = 0;
		};
/* End PBXResourcesBuildPhase section */

/* Begin PBXSourcesBuildPhase section */
		819BE4292684EEFC004D5B78 /* Sources */ = {
			isa = PBXSourcesBuildPhase;
			buildActionMask = 2147483647;
			files = (
				81831C662686329B0014D444 /* MobileNet.mlmodel in Sources */,
				81831C9A26863C0E0014D444 /* PilImageClassifier.mlmodel in Sources */,
				819BE4352684EEFC004D5B78 /* ViewController.swift in Sources */,
				819BE4312684EEFC004D5B78 /* AppDelegate.swift in Sources */,
				819BE4332684EEFC004D5B78 /* SceneDelegate.swift in Sources */,
				81831C6A268632E60014D444 /* CGImagePropertyOrientation+UIImageOrientation.swift in Sources */,
			);
			runOnlyForDeploymentPostprocessing = 0;
		};
/* End PBXSourcesBuildPhase section */

/* Begin PBXVariantGroup section */
		819BE4362684EEFC004D5B78 /* Main.storyboard */ = {
			isa = PBXVariantGroup;
			children = (
				819BE4372684EEFC004D5B78 /* Base */,
			);
			name = Main.storyboard;
			sourceTree = "<group>";
		};
		819BE43B2684EEFF004D5B78 /* LaunchScreen.storyboard */ = {
			isa = PBXVariantGroup;
			children = (
				819BE43C2684EEFF004D5B78 /* Base */,
			);
			name = LaunchScreen.storyboard;
			sourceTree = "<group>";
		};
/* End PBXVariantGroup section */

/* Begin XCBuildConfiguration section */
		819BE43F2684EEFF004D5B78 /* Debug */ = {
			isa = XCBuildConfiguration;
			buildSettings = {
				ALWAYS_SEARCH_USER_PATHS = NO;
				CLANG_ANALYZER_NONNULL = YES;
				CLANG_ANALYZER_NUMBER_OBJECT_CONVERSION = YES_AGGRESSIVE;
				CLANG_CXX_LANGUAGE_STANDARD = "gnu++14";
				CLANG_CXX_LIBRARY = "libc++";
				CLANG_ENABLE_MODULES = YES;
				CLANG_ENABLE_OBJC_ARC = YES;
				CLANG_ENABLE_OBJC_WEAK = YES;
				CLANG_WARN_BLOCK_CAPTURE_AUTORELEASING = YES;
				CLANG_WARN_BOOL_CONVERSION = YES;
				CLANG_WARN_COMMA = YES;
				CLANG_WARN_CONSTANT_CONVERSION = YES;
				CLANG_WARN_DEPRECATED_OBJC_IMPLEMENTATIONS = YES;
				CLANG_WARN_DIRECT_OBJC_ISA_USAGE = YES_ERROR;
				CLANG_WARN_DOCUMENTATION_COMMENTS = YES;
				CLANG_WARN_EMPTY_BODY = YES;
				CLANG_WARN_ENUM_CONVERSION = YES;
				CLANG_WARN_INFINITE_RECURSION = YES;
				CLANG_WARN_INT_CONVERSION = YES;
				CLANG_WARN_NON_LITERAL_NULL_CONVERSION = YES;
				CLANG_WARN_OBJC_IMPLICIT_RETAIN_SELF = YES;
				CLANG_WARN_OBJC_LITERAL_CONVERSION = YES;
				CLANG_WARN_OBJC_ROOT_CLASS = YES_ERROR;
				CLANG_WARN_QUOTED_INCLUDE_IN_FRAMEWORK_HEADER = YES;
				CLANG_WARN_RANGE_LOOP_ANALYSIS = YES;
				CLANG_WARN_STRICT_PROTOTYPES = YES;
				CLANG_WARN_SUSPICIOUS_MOVE = YES;
				CLANG_WARN_UNGUARDED_AVAILABILITY = YES_AGGRESSIVE;
				CLANG_WARN_UNREACHABLE_CODE = YES;
				CLANG_WARN__DUPLICATE_METHOD_MATCH = YES;
				COPY_PHASE_STRIP = NO;
				DEBUG_INFORMATION_FORMAT = dwarf;
				ENABLE_STRICT_OBJC_MSGSEND = YES;
				ENABLE_TESTABILITY = YES;
				GCC_C_LANGUAGE_STANDARD = gnu11;
				GCC_DYNAMIC_NO_PIC = NO;
				GCC_NO_COMMON_BLOCKS = YES;
				GCC_OPTIMIZATION_LEVEL = 0;
				GCC_PREPROCESSOR_DEFINITIONS = (
					"DEBUG=1",
					"$(inherited)",
				);
				GCC_WARN_64_TO_32_BIT_CONVERSION = YES;
				GCC_WARN_ABOUT_RETURN_TYPE = YES_ERROR;
				GCC_WARN_UNDECLARED_SELECTOR = YES;
				GCC_WARN_UNINITIALIZED_AUTOS = YES_AGGRESSIVE;
				GCC_WARN_UNUSED_FUNCTION = YES;
				GCC_WARN_UNUSED_VARIABLE = YES;
				IPHONEOS_DEPLOYMENT_TARGET = 14.2;
				MTL_ENABLE_DEBUG_INFO = INCLUDE_SOURCE;
				MTL_FAST_MATH = YES;
				ONLY_ACTIVE_ARCH = YES;
				SDKROOT = iphoneos;
				SWIFT_ACTIVE_COMPILATION_CONDITIONS = DEBUG;
				SWIFT_OPTIMIZATION_LEVEL = "-Onone";
			};
			name = Debug;
		};
		819BE4402684EEFF004D5B78 /* Release */ = {
			isa = XCBuildConfiguration;
			buildSettings = {
				ALWAYS_SEARCH_USER_PATHS = NO;
				CLANG_ANALYZER_NONNULL = YES;
				CLANG_ANALYZER_NUMBER_OBJECT_CONVERSION = YES_AGGRESSIVE;
				CLANG_CXX_LANGUAGE_STANDARD = "gnu++14";
				CLANG_CXX_LIBRARY = "libc++";
				CLANG_ENABLE_MODULES = YES;
				CLANG_ENABLE_OBJC_ARC = YES;
				CLANG_ENABLE_OBJC_WEAK = YES;
				CLANG_WARN_BLOCK_CAPTURE_AUTORELEASING = YES;
				CLANG_WARN_BOOL_CONVERSION = YES;
				CLANG_WARN_COMMA = YES;
				CLANG_WARN_CONSTANT_CONVERSION = YES;
				CLANG_WARN_DEPRECATED_OBJC_IMPLEMENTATIONS = YES;
				CLANG_WARN_DIRECT_OBJC_ISA_USAGE = YES_ERROR;
				CLANG_WARN_DOCUMENTATION_COMMENTS = YES;
				CLANG_WARN_EMPTY_BODY = YES;
				CLANG_WARN_ENUM_CONVERSION = YES;
				CLANG_WARN_INFINITE_RECURSION = YES;
				CLANG_WARN_INT_CONVERSION = YES;
				CLANG_WARN_NON_LITERAL_NULL_CONVERSION = YES;
				CLANG_WARN_OBJC_IMPLICIT_RETAIN_SELF = YES;
				CLANG_WARN_OBJC_LITERAL_CONVERSION = YES;
				CLANG_WARN_OBJC_ROOT_CLASS = YES_ERROR;
				CLANG_WARN_QUOTED_INCLUDE_IN_FRAMEWORK_HEADER = YES;
				CLANG_WARN_RANGE_LOOP_ANALYSIS = YES;
				CLANG_WARN_STRICT_PROTOTYPES = YES;
				CLANG_WARN_SUSPICIOUS_MOVE = YES;
				CLANG_WARN_UNGUARDED_AVAILABILITY = YES_AGGRESSIVE;
				CLANG_WARN_UNREACHABLE_CODE = YES;
				CLANG_WARN__DUPLICATE_METHOD_MATCH = YES;
				COPY_PHASE_STRIP = NO;
				DEBUG_INFORMATION_FORMAT = "dwarf-with-dsym";
				ENABLE_NS_ASSERTIONS = NO;
				ENABLE_STRICT_OBJC_MSGSEND = YES;
				GCC_C_LANGUAGE_STANDARD = gnu11;
				GCC_NO_COMMON_BLOCKS = YES;
				GCC_WARN_64_TO_32_BIT_CONVERSION = YES;
				GCC_WARN_ABOUT_RETURN_TYPE = YES_ERROR;
				GCC_WARN_UNDECLARED_SELECTOR = YES;
				GCC_WARN_UNINITIALIZED_AUTOS = YES_AGGRESSIVE;
				GCC_WARN_UNUSED_FUNCTION = YES;
				GCC_WARN_UNUSED_VARIABLE = YES;
				IPHONEOS_DEPLOYMENT_TARGET = 14.2;
				MTL_ENABLE_DEBUG_INFO = NO;
				MTL_FAST_MATH = YES;
				SDKROOT = iphoneos;
				SWIFT_COMPILATION_MODE = wholemodule;
				SWIFT_OPTIMIZATION_LEVEL = "-O";
				VALIDATE_PRODUCT = YES;
			};
			name = Release;
		};
		819BE4422684EEFF004D5B78 /* Debug */ = {
			isa = XCBuildConfiguration;
			buildSettings = {
				ASSETCATALOG_COMPILER_APPICON_NAME = AppIcon;
				ASSETCATALOG_COMPILER_GLOBAL_ACCENT_COLOR_NAME = AccentColor;
				CODE_SIGN_IDENTITY = "iPhone Developer";
				CODE_SIGN_STYLE = Manual;
				DEVELOPMENT_TEAM = XMHX66FKD7;
				INFOPLIST_FILE = ImageClassifier/Info.plist;
				IPHONEOS_DEPLOYMENT_TARGET = 13.0;
				LD_RUNPATH_SEARCH_PATHS = (
					"$(inherited)",
					"@executable_path/Frameworks",
				);
				PRODUCT_BUNDLE_IDENTIFIER = com.goequipme.live;
				PRODUCT_NAME = "$(TARGET_NAME)";
				PROVISIONING_PROFILE_SPECIFIER = "GoEquipMe Development";
				SWIFT_VERSION = 5.0;
				TARGETED_DEVICE_FAMILY = 1;
			};
			name = Debug;
		};
		819BE4432684EEFF004D5B78 /* Release */ = {
			isa = XCBuildConfiguration;
			buildSettings = {
				ASSETCATALOG_COMPILER_APPICON_NAME = AppIcon;
				ASSETCATALOG_COMPILER_GLOBAL_ACCENT_COLOR_NAME = AccentColor;
				CODE_SIGN_IDENTITY = "iPhone Developer";
				CODE_SIGN_STYLE = Manual;
				DEVELOPMENT_TEAM = XMHX66FKD7;
				INFOPLIST_FILE = ImageClassifier/Info.plist;
				IPHONEOS_DEPLOYMENT_TARGET = 13.0;
				LD_RUNPATH_SEARCH_PATHS = (
					"$(inherited)",
					"@executable_path/Frameworks",
				);
				PRODUCT_BUNDLE_IDENTIFIER = com.goequipme.live;
				PRODUCT_NAME = "$(TARGET_NAME)";
				PROVISIONING_PROFILE_SPECIFIER = "GoEquipMe Development";
				SWIFT_VERSION = 5.0;
				TARGETED_DEVICE_FAMILY = 1;
			};
			name = Release;
		};
/* End XCBuildConfiguration section */

/* Begin XCConfigurationList section */
		819BE4282684EEFC004D5B78 /* Build configuration list for PBXProject "ImageClassifier" */ = {
			isa = XCConfigurationList;
			buildConfigurations = (
				819BE43F2684EEFF004D5B78 /* Debug */,
				819BE4402684EEFF004D5B78 /* Release */,
			);
			defaultConfigurationIsVisible = 0;
			defaultConfigurationName = Release;
		};
		819BE4412684EEFF004D5B78 /* Build configuration list for PBXNativeTarget "ImageClassifier" */ = {
			isa = XCConfigurationList;
			buildConfigurations = (
				819BE4422684EEFF004D5B78 /* Debug */,
				819BE4432684EEFF004D5B78 /* Release */,
			);
			defaultConfigurationIsVisible = 0;
			defaultConfigurationName = Release;
		};
/* End XCConfigurationList section */
	};
	rootObject = 819BE4252684EEFC004D5B78 /* Project object */;
}
